<?xml version="1.0" encoding="utf-8"?>
<Project ToolsVersion="4.0" xmlns="http://schemas.microsoft.com/developer/msbuild/2003">
  <ItemGroup>
    <Filter Include="Source Files">
      <UniqueIdentifier>{4FC737F1-C7A5-4376-A066-2A32D752A2FF}</UniqueIdentifier>
      <Extensions>cpp;c;cc;cxx;def;odl;idl;hpj;bat;asm;asmx</Extensions>
    </Filter>
    <Filter Include="Header Files">
      <UniqueIdentifier>{93995380-89BD-4b04-88EB-625FBE52EBFB}</UniqueIdentifier>
      <Extensions>h;hh;hpp;hxx;hm;inl;inc;ipp;xsd</Extensions>
    </Filter>
    <Filter Include="Resource Files">
      <UniqueIdentifier>{67DA6AB6-F800-4c08-8B7A-83BB121AAD01}</UniqueIdentifier>
      <Extensions>rc;ico;cur;bmp;dlg;rc2;rct;bin;rgs;gif;jpg;jpeg;jpe;resx;tiff;tif;png;wav;mfcribbon-ms</Extensions>
    </Filter>
    <Filter Include="imgui">
      <UniqueIdentifier>{5e75e866-5469-46e6-bd11-dd81000711fa}</UniqueIdentifier>
    </Filter>
    <Filter Include="gl3w">
      <UniqueIdentifier>{b46c20cd-87b6-4c9e-a921-27854477a877}</UniqueIdentifier>
    </Filter>
    <Filter Include="shaders">
      <UniqueIdentifier>{89450241-0b57-4e6f-9f6f-01966387404b}</UniqueIdentifier>
    </Filter>
  </ItemGroup>
  <ItemGroup>
    <ClCompile Include="main.cpp">
      <Filter>Source Files</Filter>
    </ClCompile>
    <ClCompile Include="include\imgui\imgui.cpp">
      <Filter>imgui</Filter>
    </ClCompile>
    <ClCompile Include="include\imgui\imgui_impl_glfw.cpp">
      <Filter>imgui</Filter>
    </ClCompile>
    <ClCompile Include="include\imgui\imgui_impl_opengl3.cpp">
      <Filter>imgui</Filter>
    </ClCompile>
    <ClCompile Include="include\imgui\imgui_draw.cpp">
      <Filter>imgui</Filter>
    </ClCompile>
    <ClCompile Include="include\imgui\imgui_widgets.cpp">
      <Filter>imgui</Filter>
    </ClCompile>
    <ClCompile Include="include\imgui\imgui_demo.cpp">
      <Filter>imgui</Filter>
    </ClCompile>
    <ClCompile Include="include\GL\gl3w.c">
      <Filter>gl3w</Filter>
    </ClCompile>
    <ClCompile Include="Windows.hpp">
      <Filter>Source Files</Filter>
    </ClCompile>
    <ClCompile Include="include\imgui\imgui_stdlib.cpp">
      <Filter>Source Files</Filter>
    </ClCompile>
    <ClCompile Include="PositionDetection.hpp">
      <Filter>Source Files</Filter>
    </ClCompile>
    <ClCompile Include="InfrastructureTypes.hpp">
      <Filter>Source Files</Filter>
    </ClCompile>
  </ItemGroup>
  <ItemGroup>
    <ClInclude Include="include\GL\gl3w.h">
      <Filter>gl3w</Filter>
    </ClInclude>
    <ClInclude Include="include\GL\glcorearb.h">
      <Filter>gl3w</Filter>
    </ClInclude>
    <ClInclude Include="include\imgui\imconfig.h">
      <Filter>imgui</Filter>
    </ClInclude>
    <ClInclude Include="include\imgui\imgui.h">
      <Filter>imgui</Filter>
    </ClInclude>
    <ClInclude Include="include\imgui\imgui_impl_glfw.h">
      <Filter>imgui</Filter>
    </ClInclude>
    <ClInclude Include="include\imgui\imgui_impl_opengl3.h">
      <Filter>imgui</Filter>
    </ClInclude>
    <ClInclude Include="include\imgui\imgui_internal.h">
      <Filter>imgui</Filter>
    </ClInclude>
    <ClInclude Include="include\imgui\imstb_rectpack.h">
      <Filter>imgui</Filter>
    </ClInclude>
    <ClInclude Include="include\imgui\imstb_textedit.h">
      <Filter>imgui</Filter>
    </ClInclude>
    <ClInclude Include="include\imgui\imstb_truetype.h">
      <Filter>imgui</Filter>
    </ClInclude>
    <ClInclude Include="GUI.hpp">
      <Filter>Source Files</Filter>
    </ClInclude>
    <ClInclude Include="Window.hpp">
      <Filter>Source Files</Filter>
    </ClInclude>
    <ClInclude Include="DomainTypes.hpp">
      <Filter>Source Files</Filter>
    </ClInclude>
    <ClInclude Include="GLLoader.hpp">
      <Filter>Source Files</Filter>
    </ClInclude>
    <ClInclude Include="Renderer.hpp">
      <Filter>Source Files</Filter>
    </ClInclude>
    <ClInclude Include="Commands.hpp">
      <Filter>Header Files</Filter>
    </ClInclude>
    <ClInclude Include="Tools.hpp">
      <Filter>Header Files</Filter>
    </ClInclude>
    <ClInclude Include="Input.hpp">
      <Filter>Header Files</Filter>
    </ClInclude>
    <ClInclude Include="ToolPool.hpp">
      <Filter>Header Files</Filter>
    </ClInclude>
    <ClInclude Include="FileManager.hpp">
      <Filter>Header Files</Filter>
    </ClInclude>
    <ClInclude Include="include\imgui\imgui_stdlib.h">
      <Filter>Header Files</Filter>
    </ClInclude>
    <ClInclude Include="TemplateExtensions.hpp">
      <Filter>Header Files</Filter>
    </ClInclude>
    <ClInclude Include="ToolConfiguration.hpp">
      <Filter>Header Files</Filter>
    </ClInclude>
    <ClInclude Include="DomainUtils.hpp">
      <Filter>Header Files</Filter>
    </ClInclude>
    <ClInclude Include="Json.hpp">
      <Filter>Header Files</Filter>
    </ClInclude>
    <ClInclude Include="Localization.hpp">
      <Filter>Header Files</Filter>
    </ClInclude>
  </ItemGroup>
  <ItemGroup>
    <None Include="shaders\.vert">
      <Filter>shaders</Filter>
    </None>
    <None Include="shaders\Left.frag">
      <Filter>shaders</Filter>
    </None>
    <None Include="shaders\Right.frag">
      <Filter>shaders</Filter>
    </None>
    <None Include="shaders\WhiteSquare.frag">
      <Filter>shaders</Filter>
    </None>
    <None Include="shaders\zero.frag">
      <Filter>shaders</Filter>
    </None>
    <None Include="locales\en.json" />
    <None Include="locales\ua.json" />
  </ItemGroup>
</Project>