
Microsoft Visual Studio Solution File, Format Version 12.00
# Visual Studio Version 16
VisualStudioVersion = 16.0.28803.452
MinimumVisualStudioVersion = 10.0.40219.1
Project("{8BC9CEB8-8B4A-11D0-8D11-00A0C91BC942}") = "StereoOriginal", "StereoOriginal\StereoOriginal.vcxproj", "{A6560879-5ACE-40E6-B6DF-0836290A2315}"
EndProject
Project("{8BC9CEB8-8B4A-11D0-8D11-00A0C91BC942}") = "StereoPlus", "StereoPlus\StereoPlus.vcxproj", "{D3B4C7CD-F8B1-4624-B1B5-10FB51E54C16}"
EndProject
Project("{FAE04EC0-301F-11D3-BF4B-00C04F79EFBC}") = "StereoSharp", "StereoSharp\StereoSharp.csproj", "{4191738C-6AEF-4FB4-9631-BC645D556C24}"
EndProject
Global
	GlobalSection(SolutionConfigurationPlatforms) = preSolution
		Debug|Any CPU = Debug|Any CPU
		Debug|x64 = Debug|x64
		Debug|x86 = Debug|x86
		Release|Any CPU = Release|Any CPU
		Release|x64 = Release|x64
		Release|x86 = Release|x86
	EndGlobalSection
	GlobalSection(ProjectConfigurationPlatforms) = postSolution
		{A6560879-5ACE-40E6-B6DF-0836290A2315}.Debug|Any CPU.ActiveCfg = Debug|Win32
		{A6560879-5ACE-40E6-B6DF-0836290A2315}.Debug|x64.ActiveCfg = Debug|x64
		{A6560879-5ACE-40E6-B6DF-0836290A2315}.Debug|x64.Build.0 = Debug|x64
		{A6560879-5ACE-40E6-B6DF-0836290A2315}.Debug|x86.ActiveCfg = Debug|Win32
		{A6560879-5ACE-40E6-B6DF-0836290A2315}.Debug|x86.Build.0 = Debug|Win32
		{A6560879-5ACE-40E6-B6DF-0836290A2315}.Release|Any CPU.ActiveCfg = Release|Win32
		{A6560879-5ACE-40E6-B6DF-0836290A2315}.Release|x64.ActiveCfg = Release|x64
		{A6560879-5ACE-40E6-B6DF-0836290A2315}.Release|x64.Build.0 = Release|x64
		{A6560879-5ACE-40E6-B6DF-0836290A2315}.Release|x86.ActiveCfg = Release|Win32
		{A6560879-5ACE-40E6-B6DF-0836290A2315}.Release|x86.Build.0 = Release|Win32
		{D3B4C7CD-F8B1-4624-B1B5-10FB51E54C16}.Debug|Any CPU.ActiveCfg = Debug|Win32
		{D3B4C7CD-F8B1-4624-B1B5-10FB51E54C16}.Debug|x64.ActiveCfg = Debug|x64
		{D3B4C7CD-F8B1-4624-B1B5-10FB51E54C16}.Debug|x64.Build.0 = Debug|x64
		{D3B4C7CD-F8B1-4624-B1B5-10FB51E54C16}.Debug|x86.ActiveCfg = Debug|Win32
		{D3B4C7CD-F8B1-4624-B1B5-10FB51E54C16}.Debug|x86.Build.0 = Debug|Win32
		{D3B4C7CD-F8B1-4624-B1B5-10FB51E54C16}.Release|Any CPU.ActiveCfg = Release|Win32
		{D3B4C7CD-F8B1-4624-B1B5-10FB51E54C16}.Release|x64.ActiveCfg = Release|x64
		{D3B4C7CD-F8B1-4624-B1B5-10FB51E54C16}.Release|x64.Build.0 = Release|x64
		{D3B4C7CD-F8B1-4624-B1B5-10FB51E54C16}.Release|x86.ActiveCfg = Release|Win32
		{D3B4C7CD-F8B1-4624-B1B5-10FB51E54C16}.Release|x86.Build.0 = Release|Win32
		{4191738C-6AEF-4FB4-9631-BC645D556C24}.Debug|Any CPU.ActiveCfg = Debug|Any CPU
		{4191738C-6AEF-4FB4-9631-BC645D556C24}.Debug|Any CPU.Build.0 = Debug|Any CPU
		{4191738C-6AEF-4FB4-9631-BC645D556C24}.Debug|x64.ActiveCfg = Debug|Any CPU
		{4191738C-6AEF-4FB4-9631-BC645D556C24}.Debug|x64.Build.0 = Debug|Any CPU
		{4191738C-6AEF-4FB4-9631-BC645D556C24}.Debug|x86.ActiveCfg = Debug|Any CPU
		{4191738C-6AEF-4FB4-9631-BC645D556C24}.Debug|x86.Build.0 = Debug|Any CPU
		{4191738C-6AEF-4FB4-9631-BC645D556C24}.Release|Any CPU.ActiveCfg = Release|Any CPU
		{4191738C-6AEF-4FB4-9631-BC645D556C24}.Release|Any CPU.Build.0 = Release|Any CPU
		{4191738C-6AEF-4FB4-9631-BC645D556C24}.Release|x64.ActiveCfg = Release|Any CPU
		{4191738C-6AEF-4FB4-9631-BC645D556C24}.Release|x64.Build.0 = Release|Any CPU
		{4191738C-6AEF-4FB4-9631-BC645D556C24}.Release|x86.ActiveCfg = Release|Any CPU
		{4191738C-6AEF-4FB4-9631-BC645D556C24}.Release|x86.Build.0 = Release|Any CPU
	EndGlobalSection
	GlobalSection(SolutionProperties) = preSolution
		HideSolutionNode = FALSE
	EndGlobalSection
	GlobalSection(ExtensibilityGlobals) = postSolution
		SolutionGuid = {570AF942-7AEC-4291-BD32-5B3758DAA198}
	EndGlobalSection
EndGlobal
